# This file is automatically @generated by Cargo.
# It is not intended for manual editing.
version = 3

[[package]]
name = "appendlist"
version = "1.4.0"
source = "registry+https://github.com/rust-lang/crates.io-index"
checksum = "e149dc73cd30538307e7ffa2acd3d2221148eaeed4871f246657b1c3eaa1cbd2"

[[package]]
name = "similar"
version = "2.0.0"
source = "registry+https://github.com/rust-lang/crates.io-index"
checksum = "6bf11003835e462f07851028082d2a1c89d956180ce4b4b50e07fb085ec4131a"

[[package]]
name = "unicode-segmentation"
version = "1.8.0"
source = "registry+https://github.com/rust-lang/crates.io-index"
checksum = "8895849a949e7845e06bd6dc1aa51731a103c42707010a5b591c0038fb73385b"

[[package]]
name = "w"
version = "0.1.0"
dependencies = [
 "appendlist",
 "similar",
 "unicode-segmentation",
]
