# This file is automatically @generated by Cargo.
# It is not intended for manual editing.
version = 3

[[package]]
name = "appendlist"
version = "1.4.0"
source = "registry+https://github.com/rust-lang/crates.io-index"
checksum = "e149dc73cd30538307e7ffa2acd3d2221148eaeed4871f246657b1c3eaa1cbd2"

[[package]]
name = "dec2flt"
version = "0.0.0"

[[package]]
name = "getopts"
version = "0.2.21"
source = "registry+https://github.com/rust-lang/crates.io-index"
checksum = "14dbbfd5c71d70241ecf9e6f13737f7b5ce823821063188d7e46c41d371eebd5"
dependencies = [
 "unicode-width",
]

[[package]]
name = "similar"
version = "2.1.0"
source = "registry+https://github.com/rust-lang/crates.io-index"
checksum = "2e24979f63a11545f5f2c60141afe249d4f19f84581ea2138065e400941d83d3"

[[package]]
name = "unicode-segmentation"
version = "1.8.0"
source = "registry+https://github.com/rust-lang/crates.io-index"
checksum = "8895849a949e7845e06bd6dc1aa51731a103c42707010a5b591c0038fb73385b"

[[package]]
name = "unicode-width"
version = "0.1.9"
source = "registry+https://github.com/rust-lang/crates.io-index"
checksum = "3ed742d4ea2bd1176e236172c8429aaf54486e7ac098db29ffe6529e0ce50973"

[[package]]
name = "w"
version = "0.0.0"
dependencies = [
 "getopts",
 "w_session",
]

[[package]]
name = "w_codegen"
version = "0.0.0"

[[package]]
name = "w_compiler"
version = "0.0.0"
dependencies = [
 "similar",
 "w_codegen",
 "w_errors",
 "w_lexer",
 "w_utils",
]

[[package]]
name = "w_errors"
version = "0.0.0"

[[package]]
name = "w_lexer"
version = "0.0.0"
dependencies = [
 "dec2flt",
]

[[package]]
name = "w_session"
version = "0.0.0"
dependencies = [
 "appendlist",
 "w_codegen",
 "w_compiler",
 "w_errors",
 "w_lexer",
 "w_utils",
]

[[package]]
name = "w_utils"
version = "0.0.0"
dependencies = [
 "unicode-segmentation",
]
